{
  "name": "hermes_indexing_rest",
  "lockfileVersion": 3,
  "requires": true,
  "packages": {
    "": {
      "dependencies": {
        "algoliasearch": "^4.24.0"
      }
    },
    "node_modules/@algolia/cache-browser-local-storage": {
      "version": "4.24.0",
      "resolved": "https://registry.npmjs.org/@algolia/cache-browser-local-storage/-/cache-browser-local-storage-4.24.0.tgz",
      "integrity": "sha512-t63W9BnoXVrGy9iYHBgObNXqYXM3tYXCjDSHeNwnsc324r4o5UiVKUiAB4THQ5z9U5hTj6qUvwg/Ez43ZD85ww==",
      "license": "MIT",
      "dependencies": {
        "@algolia/cache-common": "4.24.0"
      }
    },
    "node_modules/@algolia/cache-common": {
      "version": "4.24.0",
      "resolved": "https://registry.npmjs.org/@algolia/cache-common/-/cache-common-4.24.0.tgz",
      "integrity": "sha512-emi+v+DmVLpMGhp0V9q9h5CdkURsNmFC+cOS6uK9ndeJm9J4TiqSvPYVu+THUP8P/S08rxf5x2P+p3CfID0Y4g==",
      "license": "MIT"
    },
    "node_modules/@algolia/cache-in-memory": {
      "version": "4.24.0",
      "resolved": "https://registry.npmjs.org/@algolia/cache-in-memory/-/cache-in-memory-4.24.0.tgz",
      "integrity": "sha512-gDrt2so19jW26jY3/MkFg5mEypFIPbPoXsQGQWAi6TrCPsNOSEYepBMPlucqWigsmEy/prp5ug2jy/N3PVG/8w==",
      "license": "MIT",
      "dependencies": {
        "@algolia/cache-common": "4.24.0"
      }
    },
    "node_modules/@algolia/client-account": {
      "version": "4.24.0",
      "resolved": "https://registry.npmjs.org/@algolia/client-account/-/client-account-4.24.0.tgz",
      "integrity": "sha512-adcvyJ3KjPZFDybxlqnf+5KgxJtBjwTPTeyG2aOyoJvx0Y8dUQAEOEVOJ/GBxX0WWNbmaSrhDURMhc+QeevDsA==",
      "license": "MIT",
      "dependencies": {
        "@algolia/client-common": "4.24.0",
        "@algolia/client-search": "4.24.0",
        "@algolia/transporter": "4.24.0"
      }
    },
    "node_modules/@algolia/client-analytics": {
      "version": "4.24.0",
      "resolved": "https://registry.npmjs.org/@algolia/client-analytics/-/client-analytics-4.24.0.tgz",
      "integrity": "sha512-y8jOZt1OjwWU4N2qr8G4AxXAzaa8DBvyHTWlHzX/7Me1LX8OayfgHexqrsL4vSBcoMmVw2XnVW9MhL+Y2ZDJXg==",
      "license": "MIT",
      "dependencies": {
        "@algolia/client-common": "4.24.0",
        "@algolia/client-search": "4.24.0",
        "@algolia/requester-common": "4.24.0",
        "@algolia/transporter": "4.24.0"
      }
    },
    "node_modules/@algolia/client-common": {
      "version": "4.24.0",
      "resolved": "https://registry.npmjs.org/@algolia/client-common/-/client-common-4.24.0.tgz",
      "integrity": "sha512-bc2ROsNL6w6rqpl5jj/UywlIYC21TwSSoFHKl01lYirGMW+9Eek6r02Tocg4gZ8HAw3iBvu6XQiM3BEbmEMoiA==",
      "license": "MIT",
      "dependencies": {
        "@algolia/requester-common": "4.24.0",
        "@algolia/transporter": "4.24.0"
      }
    },
    "node_modules/@algolia/client-personalization": {
      "version": "4.24.0",
      "resolved": "https://registry.npmjs.org/@algolia/client-personalization/-/client-personalization-4.24.0.tgz",
      "integrity": "sha512-l5FRFm/yngztweU0HdUzz1rC4yoWCFo3IF+dVIVTfEPg906eZg5BOd1k0K6rZx5JzyyoP4LdmOikfkfGsKVE9w==",
      "license": "MIT",
      "dependencies": {
        "@algolia/client-common": "4.24.0",
        "@algolia/requester-common": "4.24.0",
        "@algolia/transporter": "4.24.0"
      }
    },
    "node_modules/@algolia/client-search": {
      "version": "4.24.0",
      "resolved": "https://registry.npmjs.org/@algolia/client-search/-/client-search-4.24.0.tgz",
      "integrity": "sha512-uRW6EpNapmLAD0mW47OXqTP8eiIx5F6qN9/x/7HHO6owL3N1IXqydGwW5nhDFBrV+ldouro2W1VX3XlcUXEFCA==",
      "license": "MIT",
      "dependencies": {
        "@algolia/client-common": "4.24.0",
        "@algolia/requester-common": "4.24.0",
        "@algolia/transporter": "4.24.0"
      }
    },
    "node_modules/@algolia/logger-common": {
      "version": "4.24.0",
      "resolved": "https://registry.npmjs.org/@algolia/logger-common/-/logger-common-4.24.0.tgz",
      "integrity": "sha512-LLUNjkahj9KtKYrQhFKCzMx0BY3RnNP4FEtO+sBybCjJ73E8jNdaKJ/Dd8A/VA4imVHP5tADZ8pn5B8Ga/wTMA==",
      "license": "MIT"
    },
    "node_modules/@algolia/logger-console": {
      "version": "4.24.0",
      "resolved": "https://registry.npmjs.org/@algolia/logger-console/-/logger-console-4.24.0.tgz",
      "integrity": "sha512-X4C8IoHgHfiUROfoRCV+lzSy+LHMgkoEEU1BbKcsfnV0i0S20zyy0NLww9dwVHUWNfPPxdMU+/wKmLGYf96yTg==",
      "license": "MIT",
      "dependencies": {
        "@algolia/logger-common": "4.24.0"
      }
    },
    "node_modules/@algolia/recommend": {
      "version": "4.24.0",
      "resolved": "https://registry.npmjs.org/@algolia/recommend/-/recommend-4.24.0.tgz",
      "integrity": "sha512-P9kcgerfVBpfYHDfVZDvvdJv0lEoCvzNlOy2nykyt5bK8TyieYyiD0lguIJdRZZYGre03WIAFf14pgE+V+IBlw==",
      "license": "MIT",
      "dependencies": {
        "@algolia/cache-browser-local-storage": "4.24.0",
        "@algolia/cache-common": "4.24.0",
        "@algolia/cache-in-memory": "4.24.0",
        "@algolia/client-common": "4.24.0",
        "@algolia/client-search": "4.24.0",
        "@algolia/logger-common": "4.24.0",
        "@algolia/logger-console": "4.24.0",
        "@algolia/requester-browser-xhr": "4.24.0",
        "@algolia/requester-common": "4.24.0",
        "@algolia/requester-node-http": "4.24.0",
        "@algolia/transporter": "4.24.0"
      }
    },
    "node_modules/@algolia/requester-browser-xhr": {
      "version": "4.24.0",
      "resolved": "https://registry.npmjs.org/@algolia/requester-browser-xhr/-/requester-browser-xhr-4.24.0.tgz",
      "integrity": "sha512-Z2NxZMb6+nVXSjF13YpjYTdvV3032YTBSGm2vnYvYPA6mMxzM3v5rsCiSspndn9rzIW4Qp1lPHBvuoKJV6jnAA==",
      "license": "MIT",
      "dependencies": {
        "@algolia/requester-common": "4.24.0"
      }
    },
    "node_modules/@algolia/requester-common": {
      "version": "4.24.0",
      "resolved": "https://registry.npmjs.org/@algolia/requester-common/-/requester-common-4.24.0.tgz",
      "integrity": "sha512-k3CXJ2OVnvgE3HMwcojpvY6d9kgKMPRxs/kVohrwF5WMr2fnqojnycZkxPoEg+bXm8fi5BBfFmOqgYztRtHsQA==",
      "license": "MIT"
    },
    "node_modules/@algolia/requester-node-http": {
      "version": "4.24.0",
      "resolved": "https://registry.npmjs.org/@algolia/requester-node-http/-/requester-node-http-4.24.0.tgz",
      "integrity": "sha512-JF18yTjNOVYvU/L3UosRcvbPMGT9B+/GQWNWnenIImglzNVGpyzChkXLnrSf6uxwVNO6ESGu6oN8MqcGQcjQJw==",
      "license": "MIT",
      "dependencies": {
        "@algolia/requester-common": "4.24.0"
      }
    },
    "node_modules/@algolia/transporter": {
      "version": "4.24.0",
      "resolved": "https://registry.npmjs.org/@algolia/transporter/-/transporter-4.24.0.tgz",
      "integrity": "sha512-86nI7w6NzWxd1Zp9q3413dRshDqAzSbsQjhcDhPIatEFiZrL1/TjnHL8S7jVKFePlIMzDsZWXAXwXzcok9c5oA==",
      "license": "MIT",
      "dependencies": {
        "@algolia/cache-common": "4.24.0",
        "@algolia/logger-common": "4.24.0",
        "@algolia/requester-common": "4.24.0"
      }
    },
    "node_modules/algoliasearch": {
      "version": "4.24.0",
      "resolved": "https://registry.npmjs.org/algoliasearch/-/algoliasearch-4.24.0.tgz",
      "integrity": "sha512-bf0QV/9jVejssFBmz2HQLxUadxk574t4iwjCKp5E7NBzwKkrDEhKPISIIjAU/p6K5qDx3qoeh4+26zWN1jmw3g==",
      "license": "MIT",
      "dependencies": {
        "@algolia/cache-browser-local-storage": "4.24.0",
        "@algolia/cache-common": "4.24.0",
        "@algolia/cache-in-memory": "4.24.0",
        "@algolia/client-account": "4.24.0",
        "@algolia/client-analytics": "4.24.0",
        "@algolia/client-common": "4.24.0",
        "@algolia/client-personalization": "4.24.0",
        "@algolia/client-search": "4.24.0",
        "@algolia/logger-common": "4.24.0",
        "@algolia/logger-console": "4.24.0",
        "@algolia/recommend": "4.24.0",
        "@algolia/requester-browser-xhr": "4.24.0",
        "@algolia/requester-common": "4.24.0",
        "@algolia/requester-node-http": "4.24.0",
        "@algolia/transporter": "4.24.0"
      }
    }
  }
}
